
Microsoft Visual Studio Solution File, Format Version 12.00
# Visual Studio 14
VisualStudioVersion = 14.0.25420.1
MinimumVisualStudioVersion = 10.0.40219.1
Project("{8BC9CEB8-8B4A-11D0-8D11-00A0C91BC942}") = "Mirage Editor", "Mirage Dumper (static libsamplerate).vcxproj", "{A2E1E30A-09A7-4DBE-9427-0E3574547F3D}"
EndProject
Project("{8BC9CEB8-8B4A-11D0-8D11-00A0C91BC942}") = "SndObj", "SndObj-2.6.6\msvc6.0\SndObj.vcxproj", "{0BA1EE5C-3B66-4F5E-AE33-F01EC9518E56}"
EndProject
Project("{6141683F-8A12-4E36-9623-2EB02B2C2303}") = "Mirage Editor Setup", "Mirage Editor Setup\Mirage Editor Setup.isproj", "{C937A827-FD92-4CEF-97B0-1E69326DF530}"
EndProject
Global
	GlobalSection(SolutionConfigurationPlatforms) = preSolution
		CD_ROM|Win32 = CD_ROM|Win32
		CD_ROM|x64 = CD_ROM|x64
		Debug No FFTW3|Win32 = Debug No FFTW3|Win32
		Debug No FFTW3|x64 = Debug No FFTW3|x64
		Debug|Win32 = Debug|Win32
		Debug|x64 = Debug|x64
		DVD-5|Win32 = DVD-5|Win32
		DVD-5|x64 = DVD-5|x64
		Release|Win32 = Release|Win32
		Release|x64 = Release|x64
		SingleImage|Win32 = SingleImage|Win32
		SingleImage|x64 = SingleImage|x64
	EndGlobalSection
	GlobalSection(ProjectConfigurationPlatforms) = postSolution
		{A2E1E30A-09A7-4DBE-9427-0E3574547F3D}.CD_ROM|Win32.ActiveCfg = Release|Win32
		{A2E1E30A-09A7-4DBE-9427-0E3574547F3D}.CD_ROM|Win32.Build.0 = Release|Win32
		{A2E1E30A-09A7-4DBE-9427-0E3574547F3D}.CD_ROM|x64.ActiveCfg = Release|x64
		{A2E1E30A-09A7-4DBE-9427-0E3574547F3D}.CD_ROM|x64.Build.0 = Release|x64
		{A2E1E30A-09A7-4DBE-9427-0E3574547F3D}.Debug No FFTW3|Win32.ActiveCfg = Debug No FFTW3|Win32
		{A2E1E30A-09A7-4DBE-9427-0E3574547F3D}.Debug No FFTW3|Win32.Build.0 = Debug No FFTW3|Win32
		{A2E1E30A-09A7-4DBE-9427-0E3574547F3D}.Debug No FFTW3|x64.ActiveCfg = Debug No FFTW3|x64
		{A2E1E30A-09A7-4DBE-9427-0E3574547F3D}.Debug No FFTW3|x64.Build.0 = Debug No FFTW3|x64
		{A2E1E30A-09A7-4DBE-9427-0E3574547F3D}.Debug|Win32.ActiveCfg = Debug|Win32
		{A2E1E30A-09A7-4DBE-9427-0E3574547F3D}.Debug|Win32.Build.0 = Debug|Win32
		{A2E1E30A-09A7-4DBE-9427-0E3574547F3D}.Debug|x64.ActiveCfg = Debug|x64
		{A2E1E30A-09A7-4DBE-9427-0E3574547F3D}.Debug|x64.Build.0 = Debug|x64
		{A2E1E30A-09A7-4DBE-9427-0E3574547F3D}.DVD-5|Win32.ActiveCfg = Debug|Win32
		{A2E1E30A-09A7-4DBE-9427-0E3574547F3D}.DVD-5|Win32.Build.0 = Debug|Win32
		{A2E1E30A-09A7-4DBE-9427-0E3574547F3D}.DVD-5|x64.ActiveCfg = Debug|x64
		{A2E1E30A-09A7-4DBE-9427-0E3574547F3D}.DVD-5|x64.Build.0 = Debug|x64
		{A2E1E30A-09A7-4DBE-9427-0E3574547F3D}.Release|Win32.ActiveCfg = Release|Win32
		{A2E1E30A-09A7-4DBE-9427-0E3574547F3D}.Release|Win32.Build.0 = Release|Win32
		{A2E1E30A-09A7-4DBE-9427-0E3574547F3D}.Release|x64.ActiveCfg = Release|x64
		{A2E1E30A-09A7-4DBE-9427-0E3574547F3D}.Release|x64.Build.0 = Release|x64
		{A2E1E30A-09A7-4DBE-9427-0E3574547F3D}.SingleImage|Win32.ActiveCfg = Release|Win32
		{A2E1E30A-09A7-4DBE-9427-0E3574547F3D}.SingleImage|Win32.Build.0 = Release|Win32
		{A2E1E30A-09A7-4DBE-9427-0E3574547F3D}.SingleImage|x64.ActiveCfg = Release|x64
		{A2E1E30A-09A7-4DBE-9427-0E3574547F3D}.SingleImage|x64.Build.0 = Release|x64
		{0BA1EE5C-3B66-4F5E-AE33-F01EC9518E56}.CD_ROM|Win32.ActiveCfg = Release|Win32
		{0BA1EE5C-3B66-4F5E-AE33-F01EC9518E56}.CD_ROM|Win32.Build.0 = Release|Win32
		{0BA1EE5C-3B66-4F5E-AE33-F01EC9518E56}.CD_ROM|x64.ActiveCfg = Release|Win32
		{0BA1EE5C-3B66-4F5E-AE33-F01EC9518E56}.CD_ROM|x64.Build.0 = Release|Win32
		{0BA1EE5C-3B66-4F5E-AE33-F01EC9518E56}.Debug No FFTW3|Win32.ActiveCfg = Debug|Win32
		{0BA1EE5C-3B66-4F5E-AE33-F01EC9518E56}.Debug No FFTW3|Win32.Build.0 = Debug|Win32
		{0BA1EE5C-3B66-4F5E-AE33-F01EC9518E56}.Debug No FFTW3|x64.ActiveCfg = Debug No FFTW3|Win32
		{0BA1EE5C-3B66-4F5E-AE33-F01EC9518E56}.Debug|Win32.ActiveCfg = Debug|Win32
		{0BA1EE5C-3B66-4F5E-AE33-F01EC9518E56}.Debug|Win32.Build.0 = Debug|Win32
		{0BA1EE5C-3B66-4F5E-AE33-F01EC9518E56}.Debug|x64.ActiveCfg = Release|Win32
		{0BA1EE5C-3B66-4F5E-AE33-F01EC9518E56}.DVD-5|Win32.ActiveCfg = Debug No FFTW3|Win32
		{0BA1EE5C-3B66-4F5E-AE33-F01EC9518E56}.DVD-5|Win32.Build.0 = Debug No FFTW3|Win32
		{0BA1EE5C-3B66-4F5E-AE33-F01EC9518E56}.DVD-5|x64.ActiveCfg = Release|Win32
		{0BA1EE5C-3B66-4F5E-AE33-F01EC9518E56}.DVD-5|x64.Build.0 = Release|Win32
		{0BA1EE5C-3B66-4F5E-AE33-F01EC9518E56}.Release|Win32.ActiveCfg = Release|Win32
		{0BA1EE5C-3B66-4F5E-AE33-F01EC9518E56}.Release|Win32.Build.0 = Release|Win32
		{0BA1EE5C-3B66-4F5E-AE33-F01EC9518E56}.Release|x64.ActiveCfg = Release|Win32
		{0BA1EE5C-3B66-4F5E-AE33-F01EC9518E56}.SingleImage|Win32.ActiveCfg = Release|Win32
		{0BA1EE5C-3B66-4F5E-AE33-F01EC9518E56}.SingleImage|Win32.Build.0 = Release|Win32
		{0BA1EE5C-3B66-4F5E-AE33-F01EC9518E56}.SingleImage|x64.ActiveCfg = Release|Win32
		{0BA1EE5C-3B66-4F5E-AE33-F01EC9518E56}.SingleImage|x64.Build.0 = Release|Win32
		{C937A827-FD92-4CEF-97B0-1E69326DF530}.CD_ROM|Win32.ActiveCfg = CD_ROM
		{C937A827-FD92-4CEF-97B0-1E69326DF530}.CD_ROM|Win32.Build.0 = CD_ROM
		{C937A827-FD92-4CEF-97B0-1E69326DF530}.CD_ROM|x64.ActiveCfg = CD_ROM
		{C937A827-FD92-4CEF-97B0-1E69326DF530}.CD_ROM|x64.Build.0 = CD_ROM
		{C937A827-FD92-4CEF-97B0-1E69326DF530}.Debug No FFTW3|Win32.ActiveCfg = DVD-5
		{C937A827-FD92-4CEF-97B0-1E69326DF530}.Debug No FFTW3|Win32.Build.0 = DVD-5
		{C937A827-FD92-4CEF-97B0-1E69326DF530}.Debug No FFTW3|x64.ActiveCfg = DVD-5
		{C937A827-FD92-4CEF-97B0-1E69326DF530}.Debug No FFTW3|x64.Build.0 = DVD-5
		{C937A827-FD92-4CEF-97B0-1E69326DF530}.Debug|Win32.ActiveCfg = DVD-5
		{C937A827-FD92-4CEF-97B0-1E69326DF530}.Debug|Win32.Build.0 = DVD-5
		{C937A827-FD92-4CEF-97B0-1E69326DF530}.Debug|x64.ActiveCfg = DVD-5
		{C937A827-FD92-4CEF-97B0-1E69326DF530}.Debug|x64.Build.0 = DVD-5
		{C937A827-FD92-4CEF-97B0-1E69326DF530}.DVD-5|Win32.ActiveCfg = DVD-5
		{C937A827-FD92-4CEF-97B0-1E69326DF530}.DVD-5|Win32.Build.0 = DVD-5
		{C937A827-FD92-4CEF-97B0-1E69326DF530}.DVD-5|x64.ActiveCfg = DVD-5
		{C937A827-FD92-4CEF-97B0-1E69326DF530}.DVD-5|x64.Build.0 = DVD-5
		{C937A827-FD92-4CEF-97B0-1E69326DF530}.Release|Win32.ActiveCfg = SingleImage
		{C937A827-FD92-4CEF-97B0-1E69326DF530}.Release|Win32.Build.0 = SingleImage
		{C937A827-FD92-4CEF-97B0-1E69326DF530}.Release|x64.ActiveCfg = SingleImage
		{C937A827-FD92-4CEF-97B0-1E69326DF530}.Release|x64.Build.0 = SingleImage
		{C937A827-FD92-4CEF-97B0-1E69326DF530}.SingleImage|Win32.ActiveCfg = SingleImage
		{C937A827-FD92-4CEF-97B0-1E69326DF530}.SingleImage|Win32.Build.0 = SingleImage
		{C937A827-FD92-4CEF-97B0-1E69326DF530}.SingleImage|x64.ActiveCfg = SingleImage
		{C937A827-FD92-4CEF-97B0-1E69326DF530}.SingleImage|x64.Build.0 = SingleImage
	EndGlobalSection
	GlobalSection(SolutionProperties) = preSolution
		HideSolutionNode = FALSE
	EndGlobalSection
	GlobalSection(CppDepend) = preSolution
		Project = ".\Mirage Editor.cdproj"
	EndGlobalSection
EndGlobal
